
Microsoft Visual Studio Solution File, Format Version 12.00
# Visual Studio Version 16
VisualStudioVersion = 16.0.29721.120
MinimumVisualStudioVersion = 10.0.40219.1
Project("{2150E333-8FDC-42A3-9474-1A3956D46DE8}") = "Solution Items", "Solution Items", "{7271F8CF-C4EC-47FE-91F3-FF3331482C4F}"
	ProjectSection(SolutionItems) = preProject
		appveyor.yml = appveyor.yml
		Directory.Build.props = Directory.Build.props
	EndProjectSection
EndProject
Project("{9A19103F-16F7-4668-BE54-9A1E7A4F7556}") = "Cogito.Kademlia", "Cogito.Kademlia\Cogito.Kademlia.csproj", "{D6C47CE5-D5CE-40A0-9CFA-3BE0C11AB4D1}"
EndProject
Project("{9A19103F-16F7-4668-BE54-9A1E7A4F7556}") = "Cogito.Kademlia.Tests", "Cogito.Kademlia.Tests\Cogito.Kademlia.Tests.csproj", "{8CA0F09B-E941-4DCA-9B76-CCA6F7661CB4}"
EndProject
Project("{9A19103F-16F7-4668-BE54-9A1E7A4F7556}") = "Cogito.Kademlia.Console", "Cogito.Kademlia.Console\Cogito.Kademlia.Console.csproj", "{A28AE7E0-C268-4FAC-9AB4-C165860B3366}"
EndProject
Project("{FAE04EC0-301F-11D3-BF4B-00C04F79EFBC}") = "Cogito.Kademlia.Protocols.Protobuf", "Cogito.Kademlia.Protocols.Protobuf\Cogito.Kademlia.Protocols.Protobuf.csproj", "{2C0E8981-84D9-4144-99DB-C7FEDFF089F3}"
EndProject
Global
	GlobalSection(SolutionConfigurationPlatforms) = preSolution
		Debug|Any CPU = Debug|Any CPU
		Release|Any CPU = Release|Any CPU
	EndGlobalSection
	GlobalSection(ProjectConfigurationPlatforms) = postSolution
		{D6C47CE5-D5CE-40A0-9CFA-3BE0C11AB4D1}.Debug|Any CPU.ActiveCfg = Debug|Any CPU
		{D6C47CE5-D5CE-40A0-9CFA-3BE0C11AB4D1}.Debug|Any CPU.Build.0 = Debug|Any CPU
		{D6C47CE5-D5CE-40A0-9CFA-3BE0C11AB4D1}.Release|Any CPU.ActiveCfg = Release|Any CPU
		{D6C47CE5-D5CE-40A0-9CFA-3BE0C11AB4D1}.Release|Any CPU.Build.0 = Release|Any CPU
		{8CA0F09B-E941-4DCA-9B76-CCA6F7661CB4}.Debug|Any CPU.ActiveCfg = Debug|Any CPU
		{8CA0F09B-E941-4DCA-9B76-CCA6F7661CB4}.Debug|Any CPU.Build.0 = Debug|Any CPU
		{8CA0F09B-E941-4DCA-9B76-CCA6F7661CB4}.Release|Any CPU.ActiveCfg = Release|Any CPU
		{8CA0F09B-E941-4DCA-9B76-CCA6F7661CB4}.Release|Any CPU.Build.0 = Release|Any CPU
		{A28AE7E0-C268-4FAC-9AB4-C165860B3366}.Debug|Any CPU.ActiveCfg = Debug|Any CPU
		{A28AE7E0-C268-4FAC-9AB4-C165860B3366}.Debug|Any CPU.Build.0 = Debug|Any CPU
		{A28AE7E0-C268-4FAC-9AB4-C165860B3366}.Release|Any CPU.ActiveCfg = Release|Any CPU
		{A28AE7E0-C268-4FAC-9AB4-C165860B3366}.Release|Any CPU.Build.0 = Release|Any CPU
		{2C0E8981-84D9-4144-99DB-C7FEDFF089F3}.Debug|Any CPU.ActiveCfg = Debug|Any CPU
		{2C0E8981-84D9-4144-99DB-C7FEDFF089F3}.Debug|Any CPU.Build.0 = Debug|Any CPU
		{2C0E8981-84D9-4144-99DB-C7FEDFF089F3}.Release|Any CPU.ActiveCfg = Release|Any CPU
		{2C0E8981-84D9-4144-99DB-C7FEDFF089F3}.Release|Any CPU.Build.0 = Release|Any CPU
	EndGlobalSection
	GlobalSection(SolutionProperties) = preSolution
		HideSolutionNode = FALSE
	EndGlobalSection
	GlobalSection(ExtensibilityGlobals) = postSolution
		SolutionGuid = {FF4B3820-4206-4316-82A5-DEA5792C6A71}
	EndGlobalSection
EndGlobal
